
Microsoft Visual Studio Solution File, Format Version 12.00
# Visual Studio Version 17
VisualStudioVersion = 17.6.33815.320
MinimumVisualStudioVersion = 10.0.40219.1
Project("{9A19103F-16F7-4668-BE54-9A1E7A4F7556}") = "Parus.Core", "Parus.Core\Parus.Core.csproj", "{54A35E62-D7B8-470E-8625-1BF71F16F963}"
EndProject
Project("{9A19103F-16F7-4668-BE54-9A1E7A4F7556}") = "Parus.Infrastructure", "Parus.Infrastructure\Parus.Infrastructure.csproj", "{6DD04D54-F68A-4591-B138-08E7DA4CC3C8}"
EndProject
Project("{9A19103F-16F7-4668-BE54-9A1E7A4F7556}") = "Parus.WebUI", "Parus.WebUI\Parus.WebUI.csproj", "{AFFD27FE-AFC0-4C62-802B-E44DC736B961}"
EndProject
Project("{9A19103F-16F7-4668-BE54-9A1E7A4F7556}") = "Parus.API", "Parus.Backend\Parus.API.csproj", "{240AAFCB-51E1-4C89-9FEF-CB3332E861F6}"
EndProject
Project("{9A19103F-16F7-4668-BE54-9A1E7A4F7556}") = "Parus.Hsl", "Parus.Hsl\Parus.Hsl.csproj", "{FAD307D8-E834-4ABC-9C23-6F8FB154C5B9}"
EndProject
Project("{9A19103F-16F7-4668-BE54-9A1E7A4F7556}") = "DummyPublisher", "DummyPublisher\DummyPublisher.csproj", "{C594498C-78A6-4049-9FDA-701DA6B1445B}"
EndProject
Project("{9A19103F-16F7-4668-BE54-9A1E7A4F7556}") = "Parus.Common", "Parus.Common\Parus.Common.csproj", "{B0F8959B-5C1D-408A-A9CD-08C2CDC5EAC9}"
EndProject
Project("{2150E333-8FDC-42A3-9474-1A3956D46DE8}") = "Tests", "Tests", "{28049071-93B1-4C77-9F8E-948388D0BCC3}"
EndProject
Project("{9A19103F-16F7-4668-BE54-9A1E7A4F7556}") = "Tests", "IdentityTest\Tests.csproj", "{0F199DC7-FE3D-4068-925B-7448DF38F7C4}"
EndProject
Project("{9A19103F-16F7-4668-BE54-9A1E7A4F7556}") = "Parus.CDN", "Parus.CDN\Parus.CDN.csproj", "{40604DDD-F78C-42FA-A47B-05F9E6EE094F}"
EndProject
Project("{2150E333-8FDC-42A3-9474-1A3956D46DE8}") = "Dummies", "Dummies", "{D3E031A3-A59C-417E-8848-15D18E71E9AF}"
EndProject
Project("{9A19103F-16F7-4668-BE54-9A1E7A4F7556}") = "DummyUser", "DummyUser\DummyUser.csproj", "{39F01041-4AEC-4092-913C-E004C666AA9F}"
EndProject
Project("{FAE04EC0-301F-11D3-BF4B-00C04F79EFBC}") = "ControlPanel", "ControlPanel\ControlPanel.csproj", "{A000E61A-8D2A-4EB3-BE2E-C890C2F34006}"
EndProject
Project("{2150E333-8FDC-42A3-9474-1A3956D46DE8}") = "Solution Items", "Solution Items", "{B439DC10-F669-4193-B4E4-1B76C7BD4AAD}"
	ProjectSection(SolutionItems) = preProject
		.editorconfig = .editorconfig
	EndProjectSection
EndProject
Project("{9A19103F-16F7-4668-BE54-9A1E7A4F7556}") = "Parus.Billing.Subscribes", "Parus.Billing.Subscribes\Parus.Billing.Subscribes.csproj", "{BD31BB8C-E1E0-42C4-9D38-190F32434459}"
EndProject
Project("{9A19103F-16F7-4668-BE54-9A1E7A4F7556}") = "Billing", "Billing\Billing.csproj", "{3FE4326C-FE12-4F01-A7D4-536CA8609FBD}"
EndProject
Project("{9A19103F-16F7-4668-BE54-9A1E7A4F7556}") = "RabbitMQ", "TestProject1\RabbitMQ.csproj", "{319E4550-9504-4352-8271-4C7914C20E4F}"
EndProject
Project("{9A19103F-16F7-4668-BE54-9A1E7A4F7556}") = "Identity", "Identity\Identity.csproj", "{E64450A3-5B9E-42B5-9FFA-9A051B858490}"
EndProject
Global
	GlobalSection(SolutionConfigurationPlatforms) = preSolution
		Debug|Any CPU = Debug|Any CPU
		Release|Any CPU = Release|Any CPU
	EndGlobalSection
	GlobalSection(ProjectConfigurationPlatforms) = postSolution
		{54A35E62-D7B8-470E-8625-1BF71F16F963}.Debug|Any CPU.ActiveCfg = Debug|Any CPU
		{54A35E62-D7B8-470E-8625-1BF71F16F963}.Debug|Any CPU.Build.0 = Debug|Any CPU
		{54A35E62-D7B8-470E-8625-1BF71F16F963}.Release|Any CPU.ActiveCfg = Release|Any CPU
		{54A35E62-D7B8-470E-8625-1BF71F16F963}.Release|Any CPU.Build.0 = Release|Any CPU
		{6DD04D54-F68A-4591-B138-08E7DA4CC3C8}.Debug|Any CPU.ActiveCfg = Debug|Any CPU
		{6DD04D54-F68A-4591-B138-08E7DA4CC3C8}.Debug|Any CPU.Build.0 = Debug|Any CPU
		{6DD04D54-F68A-4591-B138-08E7DA4CC3C8}.Release|Any CPU.ActiveCfg = Release|Any CPU
		{6DD04D54-F68A-4591-B138-08E7DA4CC3C8}.Release|Any CPU.Build.0 = Release|Any CPU
		{AFFD27FE-AFC0-4C62-802B-E44DC736B961}.Debug|Any CPU.ActiveCfg = Debug|Any CPU
		{AFFD27FE-AFC0-4C62-802B-E44DC736B961}.Debug|Any CPU.Build.0 = Debug|Any CPU
		{AFFD27FE-AFC0-4C62-802B-E44DC736B961}.Release|Any CPU.ActiveCfg = Release|Any CPU
		{AFFD27FE-AFC0-4C62-802B-E44DC736B961}.Release|Any CPU.Build.0 = Release|Any CPU
		{240AAFCB-51E1-4C89-9FEF-CB3332E861F6}.Debug|Any CPU.ActiveCfg = Debug|Any CPU
		{240AAFCB-51E1-4C89-9FEF-CB3332E861F6}.Debug|Any CPU.Build.0 = Debug|Any CPU
		{240AAFCB-51E1-4C89-9FEF-CB3332E861F6}.Release|Any CPU.ActiveCfg = Release|Any CPU
		{240AAFCB-51E1-4C89-9FEF-CB3332E861F6}.Release|Any CPU.Build.0 = Release|Any CPU
		{FAD307D8-E834-4ABC-9C23-6F8FB154C5B9}.Debug|Any CPU.ActiveCfg = Debug|Any CPU
		{FAD307D8-E834-4ABC-9C23-6F8FB154C5B9}.Debug|Any CPU.Build.0 = Debug|Any CPU
		{FAD307D8-E834-4ABC-9C23-6F8FB154C5B9}.Release|Any CPU.ActiveCfg = Release|Any CPU
		{FAD307D8-E834-4ABC-9C23-6F8FB154C5B9}.Release|Any CPU.Build.0 = Release|Any CPU
		{C594498C-78A6-4049-9FDA-701DA6B1445B}.Debug|Any CPU.ActiveCfg = Debug|Any CPU
		{C594498C-78A6-4049-9FDA-701DA6B1445B}.Debug|Any CPU.Build.0 = Debug|Any CPU
		{C594498C-78A6-4049-9FDA-701DA6B1445B}.Release|Any CPU.ActiveCfg = Release|Any CPU
		{C594498C-78A6-4049-9FDA-701DA6B1445B}.Release|Any CPU.Build.0 = Release|Any CPU
		{B0F8959B-5C1D-408A-A9CD-08C2CDC5EAC9}.Debug|Any CPU.ActiveCfg = Debug|Any CPU
		{B0F8959B-5C1D-408A-A9CD-08C2CDC5EAC9}.Debug|Any CPU.Build.0 = Debug|Any CPU
		{B0F8959B-5C1D-408A-A9CD-08C2CDC5EAC9}.Release|Any CPU.ActiveCfg = Release|Any CPU
		{B0F8959B-5C1D-408A-A9CD-08C2CDC5EAC9}.Release|Any CPU.Build.0 = Release|Any CPU
		{0F199DC7-FE3D-4068-925B-7448DF38F7C4}.Debug|Any CPU.ActiveCfg = Debug|Any CPU
		{0F199DC7-FE3D-4068-925B-7448DF38F7C4}.Debug|Any CPU.Build.0 = Debug|Any CPU
		{0F199DC7-FE3D-4068-925B-7448DF38F7C4}.Release|Any CPU.ActiveCfg = Release|Any CPU
		{0F199DC7-FE3D-4068-925B-7448DF38F7C4}.Release|Any CPU.Build.0 = Release|Any CPU
		{40604DDD-F78C-42FA-A47B-05F9E6EE094F}.Debug|Any CPU.ActiveCfg = Debug|Any CPU
		{40604DDD-F78C-42FA-A47B-05F9E6EE094F}.Debug|Any CPU.Build.0 = Debug|Any CPU
		{40604DDD-F78C-42FA-A47B-05F9E6EE094F}.Release|Any CPU.ActiveCfg = Release|Any CPU
		{40604DDD-F78C-42FA-A47B-05F9E6EE094F}.Release|Any CPU.Build.0 = Release|Any CPU
		{39F01041-4AEC-4092-913C-E004C666AA9F}.Debug|Any CPU.ActiveCfg = Debug|Any CPU
		{39F01041-4AEC-4092-913C-E004C666AA9F}.Debug|Any CPU.Build.0 = Debug|Any CPU
		{39F01041-4AEC-4092-913C-E004C666AA9F}.Release|Any CPU.ActiveCfg = Release|Any CPU
		{39F01041-4AEC-4092-913C-E004C666AA9F}.Release|Any CPU.Build.0 = Release|Any CPU
		{A000E61A-8D2A-4EB3-BE2E-C890C2F34006}.Debug|Any CPU.ActiveCfg = Debug|Any CPU
		{A000E61A-8D2A-4EB3-BE2E-C890C2F34006}.Debug|Any CPU.Build.0 = Debug|Any CPU
		{A000E61A-8D2A-4EB3-BE2E-C890C2F34006}.Release|Any CPU.ActiveCfg = Release|Any CPU
		{A000E61A-8D2A-4EB3-BE2E-C890C2F34006}.Release|Any CPU.Build.0 = Release|Any CPU
		{BD31BB8C-E1E0-42C4-9D38-190F32434459}.Debug|Any CPU.ActiveCfg = Debug|Any CPU
		{BD31BB8C-E1E0-42C4-9D38-190F32434459}.Debug|Any CPU.Build.0 = Debug|Any CPU
		{BD31BB8C-E1E0-42C4-9D38-190F32434459}.Release|Any CPU.ActiveCfg = Release|Any CPU
		{BD31BB8C-E1E0-42C4-9D38-190F32434459}.Release|Any CPU.Build.0 = Release|Any CPU
		{3FE4326C-FE12-4F01-A7D4-536CA8609FBD}.Debug|Any CPU.ActiveCfg = Debug|Any CPU
		{3FE4326C-FE12-4F01-A7D4-536CA8609FBD}.Debug|Any CPU.Build.0 = Debug|Any CPU
		{3FE4326C-FE12-4F01-A7D4-536CA8609FBD}.Release|Any CPU.ActiveCfg = Release|Any CPU
		{3FE4326C-FE12-4F01-A7D4-536CA8609FBD}.Release|Any CPU.Build.0 = Release|Any CPU
		{319E4550-9504-4352-8271-4C7914C20E4F}.Debug|Any CPU.ActiveCfg = Debug|Any CPU
		{319E4550-9504-4352-8271-4C7914C20E4F}.Debug|Any CPU.Build.0 = Debug|Any CPU
		{319E4550-9504-4352-8271-4C7914C20E4F}.Release|Any CPU.ActiveCfg = Release|Any CPU
		{319E4550-9504-4352-8271-4C7914C20E4F}.Release|Any CPU.Build.0 = Release|Any CPU
		{E64450A3-5B9E-42B5-9FFA-9A051B858490}.Debug|Any CPU.ActiveCfg = Debug|Any CPU
		{E64450A3-5B9E-42B5-9FFA-9A051B858490}.Debug|Any CPU.Build.0 = Debug|Any CPU
		{E64450A3-5B9E-42B5-9FFA-9A051B858490}.Release|Any CPU.ActiveCfg = Release|Any CPU
		{E64450A3-5B9E-42B5-9FFA-9A051B858490}.Release|Any CPU.Build.0 = Release|Any CPU
	EndGlobalSection
	GlobalSection(SolutionProperties) = preSolution
		HideSolutionNode = FALSE
	EndGlobalSection
	GlobalSection(NestedProjects) = preSolution
		{C594498C-78A6-4049-9FDA-701DA6B1445B} = {D3E031A3-A59C-417E-8848-15D18E71E9AF}
		{0F199DC7-FE3D-4068-925B-7448DF38F7C4} = {28049071-93B1-4C77-9F8E-948388D0BCC3}
		{39F01041-4AEC-4092-913C-E004C666AA9F} = {D3E031A3-A59C-417E-8848-15D18E71E9AF}
		{A000E61A-8D2A-4EB3-BE2E-C890C2F34006} = {28049071-93B1-4C77-9F8E-948388D0BCC3}
		{3FE4326C-FE12-4F01-A7D4-536CA8609FBD} = {28049071-93B1-4C77-9F8E-948388D0BCC3}
		{319E4550-9504-4352-8271-4C7914C20E4F} = {28049071-93B1-4C77-9F8E-948388D0BCC3}
		{E64450A3-5B9E-42B5-9FFA-9A051B858490} = {28049071-93B1-4C77-9F8E-948388D0BCC3}
	EndGlobalSection
	GlobalSection(ExtensibilityGlobals) = postSolution
		SolutionGuid = {BD49B428-22A9-4B04-91A7-C84C58B54C78}
	EndGlobalSection
EndGlobal
