{
    "name": "asp.net",
    "version": "1.0.0",
    "lockfileVersion": 3,
    "requires": true,
    "packages": {
        "": {
            "name": "asp.net",
            "version": "1.0.0",
            "dependencies": {
                "hls.js": "^0.14.8"
            },
            "devDependencies": {
                "typescript": "^5.2.2"
            }
        },
        "node_modules/eventemitter3": {
            "version": "4.0.7",
            "resolved": "https://registry.npmjs.org/eventemitter3/-/eventemitter3-4.0.7.tgz",
            "integrity": "sha512-8guHBZCwKnFhYdHr2ysuRWErTwhoN2X8XELRlrRwpmfeY2jjuUN4taQMsULKUVo1K4DvZl+0pgfyoysHxvmvEw=="
        },
        "node_modules/hls.js": {
            "version": "0.14.8",
            "resolved": "https://registry.npmjs.org/hls.js/-/hls.js-0.14.8.tgz",
            "integrity": "sha512-4fh8k/sl1SmYXsT4Om8AY5fKa5tUUtAxup2sffrSMh5MNk4Kt4FOZxbjqTGL5VwkroY1oJ9twSciNQNFbPA/WQ==",
            "dependencies": {
                "eventemitter3": "^4.0.3",
                "url-toolkit": "^2.1.6"
            }
        },
        "node_modules/typescript": {
            "version": "5.2.2",
            "resolved": "https://registry.npmjs.org/typescript/-/typescript-5.2.2.tgz",
            "integrity": "sha512-mI4WrpHsbCIcwT9cF4FZvr80QUeKvsUsUvKDoR+X/7XHQH98xYD8YHZg7ANtz2GtZt/CBq2QJ0thkGJMHfqc1w==",
            "dev": true,
            "bin": {
                "tsc": "bin/tsc",
                "tsserver": "bin/tsserver"
            },
            "engines": {
                "node": ">=14.17"
            }
        },
        "node_modules/url-toolkit": {
            "version": "2.2.5",
            "resolved": "https://registry.npmjs.org/url-toolkit/-/url-toolkit-2.2.5.tgz",
            "integrity": "sha512-mtN6xk+Nac+oyJ/PrI7tzfmomRVNFIWKUbG8jdYFt52hxbiReFAXIjYskvu64/dvuW71IcB7lV8l0HvZMac6Jg=="
        }
    }
}
